
Microsoft Visual Studio Solution File, Format Version 12.00
# Visual Studio Version 16
VisualStudioVersion = 16.0.30907.101
MinimumVisualStudioVersion = 10.0.40219.1
Project("{FAE04EC0-301F-11D3-BF4B-00C04F79EFBC}") = "HomeTaskLesson4.1", "HomeTaskLesson4.1\HomeTaskLesson4.1.csproj", "{8DC51974-196B-4434-A68F-EC58DAADDB80}"
EndProject
Project("{FAE04EC0-301F-11D3-BF4B-00C04F79EFBC}") = "HomeTaskLesson4.2", "HomeTaskLesson4.2\HomeTaskLesson4.2.csproj", "{38BAEFDC-7F9B-4459-85D5-D157D7E1D181}"
EndProject
Project("{FAE04EC0-301F-11D3-BF4B-00C04F79EFBC}") = "HomeTaskLesson4.3", "HomeTaskLesson4.3\HomeTaskLesson4.3.csproj", "{43A02BD2-2249-4106-9A2F-E578F06D1716}"
EndProject
Project("{FAE04EC0-301F-11D3-BF4B-00C04F79EFBC}") = "HomeTaskLesson4.4", "HomeTaskLesson4.4\HomeTaskLesson4.4.csproj", "{027153F9-4320-4723-9599-A02682A56576}"
EndProject
Global
	GlobalSection(SolutionConfigurationPlatforms) = preSolution
		Debug|Any CPU = Debug|Any CPU
		Release|Any CPU = Release|Any CPU
	EndGlobalSection
	GlobalSection(ProjectConfigurationPlatforms) = postSolution
		{8DC51974-196B-4434-A68F-EC58DAADDB80}.Debug|Any CPU.ActiveCfg = Debug|Any CPU
		{8DC51974-196B-4434-A68F-EC58DAADDB80}.Debug|Any CPU.Build.0 = Debug|Any CPU
		{8DC51974-196B-4434-A68F-EC58DAADDB80}.Release|Any CPU.ActiveCfg = Release|Any CPU
		{8DC51974-196B-4434-A68F-EC58DAADDB80}.Release|Any CPU.Build.0 = Release|Any CPU
		{38BAEFDC-7F9B-4459-85D5-D157D7E1D181}.Debug|Any CPU.ActiveCfg = Debug|Any CPU
		{38BAEFDC-7F9B-4459-85D5-D157D7E1D181}.Debug|Any CPU.Build.0 = Debug|Any CPU
		{38BAEFDC-7F9B-4459-85D5-D157D7E1D181}.Release|Any CPU.ActiveCfg = Release|Any CPU
		{38BAEFDC-7F9B-4459-85D5-D157D7E1D181}.Release|Any CPU.Build.0 = Release|Any CPU
		{43A02BD2-2249-4106-9A2F-E578F06D1716}.Debug|Any CPU.ActiveCfg = Debug|Any CPU
		{43A02BD2-2249-4106-9A2F-E578F06D1716}.Debug|Any CPU.Build.0 = Debug|Any CPU
		{43A02BD2-2249-4106-9A2F-E578F06D1716}.Release|Any CPU.ActiveCfg = Release|Any CPU
		{43A02BD2-2249-4106-9A2F-E578F06D1716}.Release|Any CPU.Build.0 = Release|Any CPU
		{027153F9-4320-4723-9599-A02682A56576}.Debug|Any CPU.ActiveCfg = Debug|Any CPU
		{027153F9-4320-4723-9599-A02682A56576}.Debug|Any CPU.Build.0 = Debug|Any CPU
		{027153F9-4320-4723-9599-A02682A56576}.Release|Any CPU.ActiveCfg = Release|Any CPU
		{027153F9-4320-4723-9599-A02682A56576}.Release|Any CPU.Build.0 = Release|Any CPU
	EndGlobalSection
	GlobalSection(SolutionProperties) = preSolution
		HideSolutionNode = FALSE
	EndGlobalSection
	GlobalSection(ExtensibilityGlobals) = postSolution
		SolutionGuid = {CD8CF3BB-11C4-4B5F-8AE9-A1C165B0527C}
	EndGlobalSection
EndGlobal
